
Microsoft Visual Studio Solution File, Format Version 12.00
# Visual Studio Version 17
VisualStudioVersion = 17.8.34408.163
MinimumVisualStudioVersion = 10.0.40219.1
Project("{9A19103F-16F7-4668-BE54-9A1E7A4F7556}") = "Dictovka", "Dictovka\Dictovka.csproj", "{327B8AAE-BC4A-4AF7-A65F-848B1FE7B553}"
EndProject
Project("{FAE04EC0-301F-11D3-BF4B-00C04F79EFBC}") = "MiddleNumbers", "MiddleNumbers\MiddleNumbers.csproj", "{F68D38ED-3ECE-40BE-AEFD-18E193AA5FA8}"
EndProject
Global
	GlobalSection(SolutionConfigurationPlatforms) = preSolution
		Debug|Any CPU = Debug|Any CPU
		Release|Any CPU = Release|Any CPU
	EndGlobalSection
	GlobalSection(ProjectConfigurationPlatforms) = postSolution
		{327B8AAE-BC4A-4AF7-A65F-848B1FE7B553}.Debug|Any CPU.ActiveCfg = Debug|Any CPU
		{327B8AAE-BC4A-4AF7-A65F-848B1FE7B553}.Debug|Any CPU.Build.0 = Debug|Any CPU
		{327B8AAE-BC4A-4AF7-A65F-848B1FE7B553}.Release|Any CPU.ActiveCfg = Release|Any CPU
		{327B8AAE-BC4A-4AF7-A65F-848B1FE7B553}.Release|Any CPU.Build.0 = Release|Any CPU
		{F68D38ED-3ECE-40BE-AEFD-18E193AA5FA8}.Debug|Any CPU.ActiveCfg = Debug|Any CPU
		{F68D38ED-3ECE-40BE-AEFD-18E193AA5FA8}.Debug|Any CPU.Build.0 = Debug|Any CPU
		{F68D38ED-3ECE-40BE-AEFD-18E193AA5FA8}.Release|Any CPU.ActiveCfg = Release|Any CPU
		{F68D38ED-3ECE-40BE-AEFD-18E193AA5FA8}.Release|Any CPU.Build.0 = Release|Any CPU
	EndGlobalSection
	GlobalSection(SolutionProperties) = preSolution
		HideSolutionNode = FALSE
	EndGlobalSection
	GlobalSection(ExtensibilityGlobals) = postSolution
		SolutionGuid = {3C210C2E-DE81-421B-9CC9-02155F11B410}
	EndGlobalSection
EndGlobal
